
Microsoft Visual Studio Solution File, Format Version 12.00
# Visual Studio 15
VisualStudioVersion = 15.0.27703.2042
MinimumVisualStudioVersion = 10.0.40219.1
Project("{FAE04EC0-301F-11D3-BF4B-00C04F79EFBC}") = "ReadMinMaxNodeDebugInfo", "ReadMinMaxNodeDebugInfo\ReadMinMaxNodeDebugInfo.csproj", "{EBE34BD8-DD19-4CF1-B5DA-928F56B74E14}"
EndProject
Global
	GlobalSection(SolutionConfigurationPlatforms) = preSolution
		Debug|Any CPU = Debug|Any CPU
		Release|Any CPU = Release|Any CPU
	EndGlobalSection
	GlobalSection(ProjectConfigurationPlatforms) = postSolution
		{EBE34BD8-DD19-4CF1-B5DA-928F56B74E14}.Debug|Any CPU.ActiveCfg = Debug|Any CPU
		{EBE34BD8-DD19-4CF1-B5DA-928F56B74E14}.Debug|Any CPU.Build.0 = Debug|Any CPU
		{EBE34BD8-DD19-4CF1-B5DA-928F56B74E14}.Release|Any CPU.ActiveCfg = Release|Any CPU
		{EBE34BD8-DD19-4CF1-B5DA-928F56B74E14}.Release|Any CPU.Build.0 = Release|Any CPU
	EndGlobalSection
	GlobalSection(SolutionProperties) = preSolution
		HideSolutionNode = FALSE
	EndGlobalSection
	GlobalSection(ExtensibilityGlobals) = postSolution
		SolutionGuid = {564629AE-1E9C-43BA-B399-66A6C53B525B}
	EndGlobalSection
EndGlobal
